
Microsoft Visual Studio Solution File, Format Version 12.00
# Visual Studio Version 16
VisualStudioVersion = 16.0.31702.278
MinimumVisualStudioVersion = 10.0.40219.1
Project("{FAE04EC0-301F-11D3-BF4B-00C04F79EFBC}") = "Lab 12", "Lab 12\Lab 12.csproj", "{D637096B-890A-45A0-A5D9-94004BF45A32}"
EndProject
Global
	GlobalSection(SolutionConfigurationPlatforms) = preSolution
		Debug|Any CPU = Debug|Any CPU
		Release|Any CPU = Release|Any CPU
	EndGlobalSection
	GlobalSection(ProjectConfigurationPlatforms) = postSolution
		{D637096B-890A-45A0-A5D9-94004BF45A32}.Debug|Any CPU.ActiveCfg = Debug|Any CPU
		{D637096B-890A-45A0-A5D9-94004BF45A32}.Debug|Any CPU.Build.0 = Debug|Any CPU
		{D637096B-890A-45A0-A5D9-94004BF45A32}.Release|Any CPU.ActiveCfg = Release|Any CPU
		{D637096B-890A-45A0-A5D9-94004BF45A32}.Release|Any CPU.Build.0 = Release|Any CPU
	EndGlobalSection
	GlobalSection(SolutionProperties) = preSolution
		HideSolutionNode = FALSE
	EndGlobalSection
	GlobalSection(ExtensibilityGlobals) = postSolution
		SolutionGuid = {6E20D738-8BED-4679-9320-96F20E59D1DB}
	EndGlobalSection
EndGlobal
